
Microsoft Visual Studio Solution File, Format Version 12.00
# Visual Studio Version 16
VisualStudioVersion = 16.0.31624.102
MinimumVisualStudioVersion = 10.0.40219.1
Project("{FAE04EC0-301F-11D3-BF4B-00C04F79EFBC}") = "ISYS4363GroupProject", "ISYS4363GroupProject\ISYS4363GroupProject.csproj", "{F410D319-4047-4419-BB64-6AA82C3B0685}"
EndProject
Global
	GlobalSection(SolutionConfigurationPlatforms) = preSolution
		Debug|Any CPU = Debug|Any CPU
		Release|Any CPU = Release|Any CPU
	EndGlobalSection
	GlobalSection(ProjectConfigurationPlatforms) = postSolution
		{F410D319-4047-4419-BB64-6AA82C3B0685}.Debug|Any CPU.ActiveCfg = Debug|Any CPU
		{F410D319-4047-4419-BB64-6AA82C3B0685}.Debug|Any CPU.Build.0 = Debug|Any CPU
		{F410D319-4047-4419-BB64-6AA82C3B0685}.Release|Any CPU.ActiveCfg = Release|Any CPU
		{F410D319-4047-4419-BB64-6AA82C3B0685}.Release|Any CPU.Build.0 = Release|Any CPU
	EndGlobalSection
	GlobalSection(SolutionProperties) = preSolution
		HideSolutionNode = FALSE
	EndGlobalSection
	GlobalSection(ExtensibilityGlobals) = postSolution
		SolutionGuid = {5448D02A-08C2-4ED4-9CD4-1300BA3F5BEC}
	EndGlobalSection
EndGlobal
